// !$*UTF8*$!
{
	archiveVersion = 1;
	classes = {
	};
	objectVersion = 50;
	objects = {

/* Begin PBXBuildFile section */
		BD3D10882420B7D100614770 /* LoginViewController.swift in Sources */ = {isa = PBXBuildFile; fileRef = BD3D10872420B7D100614770 /* LoginViewController.swift */; };
		BD3D108B2420C20400614770 /* SignUpViewController.swift in Sources */ = {isa = PBXBuildFile; fileRef = BD3D108A2420C20400614770 /* SignUpViewController.swift */; };
		BD3D108E2421CF1D00614770 /* Customer.swift in Sources */ = {isa = PBXBuildFile; fileRef = BD3D108D2421CF1D00614770 /* Customer.swift */; };
		BD3D10902421CF4800614770 /* Person.swift in Sources */ = {isa = PBXBuildFile; fileRef = BD3D108F2421CF4800614770 /* Person.swift */; };
		BD3D10922421D04900614770 /* Contact.swift in Sources */ = {isa = PBXBuildFile; fileRef = BD3D10912421D04900614770 /* Contact.swift */; };
		BD3D10942421D06C00614770 /* Owner.swift in Sources */ = {isa = PBXBuildFile; fileRef = BD3D10932421D06C00614770 /* Owner.swift */; };
		BD3D10962421D08B00614770 /* Driver.swift in Sources */ = {isa = PBXBuildFile; fileRef = BD3D10952421D08B00614770 /* Driver.swift */; };
		BD3D10982421D0AB00614770 /* Gender .swift in Sources */ = {isa = PBXBuildFile; fileRef = BD3D10972421D0AB00614770 /* Gender .swift */; };
		BD3D109B2421D16A00614770 /* PasswordUtil.swift in Sources */ = {isa = PBXBuildFile; fileRef = BD3D109A2421D16A00614770 /* PasswordUtil.swift */; };
		BD3D109D2421D19300614770 /* CustomFileHandler.swift in Sources */ = {isa = PBXBuildFile; fileRef = BD3D109C2421D19300614770 /* CustomFileHandler.swift */; };
		BD3D109F2421D19900614770 /* ObjectManager.swift in Sources */ = {isa = PBXBuildFile; fileRef = BD3D109E2421D19900614770 /* ObjectManager.swift */; };
		BD3D10A12421D1CC00614770 /* TypeNameProtocol.swift in Sources */ = {isa = PBXBuildFile; fileRef = BD3D10A02421D1CC00614770 /* TypeNameProtocol.swift */; };
		BD3D10A32421D1EB00614770 /* OutputStream.swift in Sources */ = {isa = PBXBuildFile; fileRef = BD3D10A22421D1EB00614770 /* OutputStream.swift */; };
		BDC29ED32420A10200CC26E4 /* AppDelegate.swift in Sources */ = {isa = PBXBuildFile; fileRef = BDC29ED22420A10200CC26E4 /* AppDelegate.swift */; };
		BDC29ED52420A10200CC26E4 /* SceneDelegate.swift in Sources */ = {isa = PBXBuildFile; fileRef = BDC29ED42420A10200CC26E4 /* SceneDelegate.swift */; };
		BDC29ED72420A10200CC26E4 /* HomePageViewController.swift in Sources */ = {isa = PBXBuildFile; fileRef = BDC29ED62420A10200CC26E4 /* HomePageViewController.swift */; };
		BDC29EDA2420A10200CC26E4 /* Main.storyboard in Resources */ = {isa = PBXBuildFile; fileRef = BDC29ED82420A10200CC26E4 /* Main.storyboard */; };
		BDC29EDC2420A10400CC26E4 /* Assets.xcassets in Resources */ = {isa = PBXBuildFile; fileRef = BDC29EDB2420A10400CC26E4 /* Assets.xcassets */; };
		BDC29EDF2420A10400CC26E4 /* LaunchScreen.storyboard in Resources */ = {isa = PBXBuildFile; fileRef = BDC29EDD2420A10400CC26E4 /* LaunchScreen.storyboard */; };
/* End PBXBuildFile section */

/* Begin PBXFileReference section */
		BD3D10872420B7D100614770 /* LoginViewController.swift */ = {isa = PBXFileReference; lastKnownFileType = sourcecode.swift; path = LoginViewController.swift; sourceTree = "<group>"; };
		BD3D108A2420C20400614770 /* SignUpViewController.swift */ = {isa = PBXFileReference; lastKnownFileType = sourcecode.swift; path = SignUpViewController.swift; sourceTree = "<group>"; };
		BD3D108D2421CF1D00614770 /* Customer.swift */ = {isa = PBXFileReference; lastKnownFileType = sourcecode.swift; path = Customer.swift; sourceTree = "<group>"; };
		BD3D108F2421CF4800614770 /* Person.swift */ = {isa = PBXFileReference; lastKnownFileType = sourcecode.swift; path = Person.swift; sourceTree = "<group>"; };
		BD3D10912421D04900614770 /* Contact.swift */ = {isa = PBXFileReference; fileEncoding = 4; lastKnownFileType = sourcecode.swift; path = Contact.swift; sourceTree = "<group>"; };
		BD3D10932421D06C00614770 /* Owner.swift */ = {isa = PBXFileReference; fileEncoding = 4; lastKnownFileType = sourcecode.swift; path = Owner.swift; sourceTree = "<group>"; };
		BD3D10952421D08B00614770 /* Driver.swift */ = {isa = PBXFileReference; fileEncoding = 4; lastKnownFileType = sourcecode.swift; path = Driver.swift; sourceTree = "<group>"; };
		BD3D10972421D0AB00614770 /* Gender .swift */ = {isa = PBXFileReference; fileEncoding = 4; lastKnownFileType = sourcecode.swift; path = "Gender .swift"; sourceTree = "<group>"; };
		BD3D109A2421D16A00614770 /* PasswordUtil.swift */ = {isa = PBXFileReference; fileEncoding = 4; lastKnownFileType = sourcecode.swift; path = PasswordUtil.swift; sourceTree = "<group>"; };
		BD3D109C2421D19300614770 /* CustomFileHandler.swift */ = {isa = PBXFileReference; fileEncoding = 4; lastKnownFileType = sourcecode.swift; path = CustomFileHandler.swift; sourceTree = "<group>"; };
		BD3D109E2421D19900614770 /* ObjectManager.swift */ = {isa = PBXFileReference; fileEncoding = 4; lastKnownFileType = sourcecode.swift; path = ObjectManager.swift; sourceTree = "<group>"; };
		BD3D10A02421D1CC00614770 /* TypeNameProtocol.swift */ = {isa = PBXFileReference; fileEncoding = 4; lastKnownFileType = sourcecode.swift; path = TypeNameProtocol.swift; sourceTree = "<group>"; };
		BD3D10A22421D1EB00614770 /* OutputStream.swift */ = {isa = PBXFileReference; fileEncoding = 4; lastKnownFileType = sourcecode.swift; path = OutputStream.swift; sourceTree = "<group>"; };
		BDC29ECF2420A10200CC26E4 /* FinalProjectzW2020MAD3115.app */ = {isa = PBXFileReference; explicitFileType = wrapper.application; includeInIndex = 0; path = FinalProjectzW2020MAD3115.app; sourceTree = BUILT_PRODUCTS_DIR; };
		BDC29ED22420A10200CC26E4 /* AppDelegate.swift */ = {isa = PBXFileReference; lastKnownFileType = sourcecode.swift; path = AppDelegate.swift; sourceTree = "<group>"; };
		BDC29ED42420A10200CC26E4 /* SceneDelegate.swift */ = {isa = PBXFileReference; lastKnownFileType = sourcecode.swift; path = SceneDelegate.swift; sourceTree = "<group>"; };
		BDC29ED62420A10200CC26E4 /* HomePageViewController.swift */ = {isa = PBXFileReference; lastKnownFileType = sourcecode.swift; path = HomePageViewController.swift; sourceTree = "<group>"; };
		BDC29ED92420A10200CC26E4 /* Base */ = {isa = PBXFileReference; lastKnownFileType = file.storyboard; name = Base; path = Base.lproj/Main.storyboard; sourceTree = "<group>"; };
		BDC29EDB2420A10400CC26E4 /* Assets.xcassets */ = {isa = PBXFileReference; lastKnownFileType = folder.assetcatalog; path = Assets.xcassets; sourceTree = "<group>"; };
		BDC29EDE2420A10400CC26E4 /* Base */ = {isa = PBXFileReference; lastKnownFileType = file.storyboard; name = Base; path = Base.lproj/LaunchScreen.storyboard; sourceTree = "<group>"; };
		BDC29EE02420A10400CC26E4 /* Info.plist */ = {isa = PBXFileReference; lastKnownFileType = text.plist.xml; path = Info.plist; sourceTree = "<group>"; };
/* End PBXFileReference section */

/* Begin PBXFrameworksBuildPhase section */
		BDC29ECC2420A10200CC26E4 /* Frameworks */ = {
			isa = PBXFrameworksBuildPhase;
			buildActionMask = 2147483647;
			files = (
			);
			runOnlyForDeploymentPostprocessing = 0;
		};
/* End PBXFrameworksBuildPhase section */

/* Begin PBXGroup section */
		BD3D10892420B7D900614770 /* View Controllers */ = {
			isa = PBXGroup;
			children = (
				BDC29ED62420A10200CC26E4 /* HomePageViewController.swift */,
				BD3D10872420B7D100614770 /* LoginViewController.swift */,
				BD3D108A2420C20400614770 /* SignUpViewController.swift */,
			);
			path = "View Controllers";
			sourceTree = "<group>";
		};
		BD3D108C2421CF0000614770 /* Required Classes */ = {
			isa = PBXGroup;
			children = (
				BD3D108F2421CF4800614770 /* Person.swift */,
				BD3D10912421D04900614770 /* Contact.swift */,
				BD3D108D2421CF1D00614770 /* Customer.swift */,
				BD3D10932421D06C00614770 /* Owner.swift */,
				BD3D10952421D08B00614770 /* Driver.swift */,
				BD3D10972421D0AB00614770 /* Gender .swift */,
			);
			path = "Required Classes";
			sourceTree = "<group>";
		};
		BD3D10992421D15200614770 /* Util */ = {
			isa = PBXGroup;
			children = (
				BD3D109A2421D16A00614770 /* PasswordUtil.swift */,
				BD3D109C2421D19300614770 /* CustomFileHandler.swift */,
				BD3D109E2421D19900614770 /* ObjectManager.swift */,
				BD3D10A02421D1CC00614770 /* TypeNameProtocol.swift */,
				BD3D10A22421D1EB00614770 /* OutputStream.swift */,
			);
			path = Util;
			sourceTree = "<group>";
		};
		BDC29EC62420A10200CC26E4 = {
			isa = PBXGroup;
			children = (
				BDC29ED12420A10200CC26E4 /* FinalProjectzW2020MAD3115 */,
				BDC29ED02420A10200CC26E4 /* Products */,
			);
			sourceTree = "<group>";
		};
		BDC29ED02420A10200CC26E4 /* Products */ = {
			isa = PBXGroup;
			children = (
				BDC29ECF2420A10200CC26E4 /* FinalProjectzW2020MAD3115.app */,
			);
			name = Products;
			sourceTree = "<group>";
		};
		BDC29ED12420A10200CC26E4 /* FinalProjectzW2020MAD3115 */ = {
			isa = PBXGroup;
			children = (
				BDC29ED22420A10200CC26E4 /* AppDelegate.swift */,
				BDC29ED42420A10200CC26E4 /* SceneDelegate.swift */,
				BD3D10892420B7D900614770 /* View Controllers */,
				BDC29ED82420A10200CC26E4 /* Main.storyboard */,
				BDC29EDD2420A10400CC26E4 /* LaunchScreen.storyboard */,
				BDC29EE02420A10400CC26E4 /* Info.plist */,
				BD3D10992421D15200614770 /* Util */,
				BD3D108C2421CF0000614770 /* Required Classes */,
				BDC29EDB2420A10400CC26E4 /* Assets.xcassets */,
			);
			path = FinalProjectzW2020MAD3115;
			sourceTree = "<group>";
		};
/* End PBXGroup section */

/* Begin PBXNativeTarget section */
		BDC29ECE2420A10200CC26E4 /* FinalProjectzW2020MAD3115 */ = {
			isa = PBXNativeTarget;
			buildConfigurationList = BDC29EE32420A10400CC26E4 /* Build configuration list for PBXNativeTarget "FinalProjectzW2020MAD3115" */;
			buildPhases = (
				BDC29ECB2420A10200CC26E4 /* Sources */,
				BDC29ECC2420A10200CC26E4 /* Frameworks */,
				BDC29ECD2420A10200CC26E4 /* Resources */,
			);
			buildRules = (
			);
			dependencies = (
			);
			name = FinalProjectzW2020MAD3115;
			productName = FinalProjectzW2020MAD3115;
			productReference = BDC29ECF2420A10200CC26E4 /* FinalProjectzW2020MAD3115.app */;
			productType = "com.apple.product-type.application";
		};
/* End PBXNativeTarget section */

/* Begin PBXProject section */
		BDC29EC72420A10200CC26E4 /* Project object */ = {
			isa = PBXProject;
			attributes = {
				LastSwiftUpdateCheck = 1130;
				LastUpgradeCheck = 1130;
				ORGANIZATIONNAME = com.lambton;
				TargetAttributes = {
					BDC29ECE2420A10200CC26E4 = {
						CreatedOnToolsVersion = 11.3.1;
					};
				};
			};
			buildConfigurationList = BDC29ECA2420A10200CC26E4 /* Build configuration list for PBXProject "FinalProjectzW2020MAD3115" */;
			compatibilityVersion = "Xcode 9.3";
			developmentRegion = en;
			hasScannedForEncodings = 0;
			knownRegions = (
				en,
				Base,
			);
			mainGroup = BDC29EC62420A10200CC26E4;
			productRefGroup = BDC29ED02420A10200CC26E4 /* Products */;
			projectDirPath = "";
			projectRoot = "";
			targets = (
				BDC29ECE2420A10200CC26E4 /* FinalProjectzW2020MAD3115 */,
			);
		};
/* End PBXProject section */

/* Begin PBXResourcesBuildPhase section */
		BDC29ECD2420A10200CC26E4 /* Resources */ = {
			isa = PBXResourcesBuildPhase;
			buildActionMask = 2147483647;
			files = (
				BDC29EDF2420A10400CC26E4 /* LaunchScreen.storyboard in Resources */,
				BDC29EDC2420A10400CC26E4 /* Assets.xcassets in Resources */,
				BDC29EDA2420A10200CC26E4 /* Main.storyboard in Resources */,
			);
			runOnlyForDeploymentPostprocessing = 0;
		};
/* End PBXResourcesBuildPhase section */

/* Begin PBXSourcesBuildPhase section */
		BDC29ECB2420A10200CC26E4 /* Sources */ = {
			isa = PBXSourcesBuildPhase;
			buildActionMask = 2147483647;
			files = (
				BD3D10882420B7D100614770 /* LoginViewController.swift in Sources */,
				BD3D108E2421CF1D00614770 /* Customer.swift in Sources */,
				BDC29ED72420A10200CC26E4 /* HomePageViewController.swift in Sources */,
				BDC29ED32420A10200CC26E4 /* AppDelegate.swift in Sources */,
				BD3D10942421D06C00614770 /* Owner.swift in Sources */,
				BD3D10962421D08B00614770 /* Driver.swift in Sources */,
				BD3D109B2421D16A00614770 /* PasswordUtil.swift in Sources */,
				BD3D10A12421D1CC00614770 /* TypeNameProtocol.swift in Sources */,
				BD3D10922421D04900614770 /* Contact.swift in Sources */,
				BD3D10902421CF4800614770 /* Person.swift in Sources */,
				BD3D10A32421D1EB00614770 /* OutputStream.swift in Sources */,
				BDC29ED52420A10200CC26E4 /* SceneDelegate.swift in Sources */,
				BD3D108B2420C20400614770 /* SignUpViewController.swift in Sources */,
				BD3D10982421D0AB00614770 /* Gender .swift in Sources */,
				BD3D109F2421D19900614770 /* ObjectManager.swift in Sources */,
				BD3D109D2421D19300614770 /* CustomFileHandler.swift in Sources */,
			);
			runOnlyForDeploymentPostprocessing = 0;
		};
/* End PBXSourcesBuildPhase section */

/* Begin PBXVariantGroup section */
		BDC29ED82420A10200CC26E4 /* Main.storyboard */ = {
			isa = PBXVariantGroup;
			children = (
				BDC29ED92420A10200CC26E4 /* Base */,
			);
			name = Main.storyboard;
			sourceTree = "<group>";
		};
		BDC29EDD2420A10400CC26E4 /* LaunchScreen.storyboard */ = {
			isa = PBXVariantGroup;
			children = (
				BDC29EDE2420A10400CC26E4 /* Base */,
			);
			name = LaunchScreen.storyboard;
			sourceTree = "<group>";
		};
/* End PBXVariantGroup section */

/* Begin XCBuildConfiguration section */
		BDC29EE12420A10400CC26E4 /* Debug */ = {
			isa = XCBuildConfiguration;
			buildSettings = {
				ALWAYS_SEARCH_USER_PATHS = NO;
				CLANG_ANALYZER_NONNULL = YES;
				CLANG_ANALYZER_NUMBER_OBJECT_CONVERSION = YES_AGGRESSIVE;
				CLANG_CXX_LANGUAGE_STANDARD = "gnu++14";
				CLANG_CXX_LIBRARY = "libc++";
				CLANG_ENABLE_MODULES = YES;
				CLANG_ENABLE_OBJC_ARC = YES;
				CLANG_ENABLE_OBJC_WEAK = YES;
				CLANG_WARN_BLOCK_CAPTURE_AUTORELEASING = YES;
				CLANG_WARN_BOOL_CONVERSION = YES;
				CLANG_WARN_COMMA = YES;
				CLANG_WARN_CONSTANT_CONVERSION = YES;
				CLANG_WARN_DEPRECATED_OBJC_IMPLEMENTATIONS = YES;
				CLANG_WARN_DIRECT_OBJC_ISA_USAGE = YES_ERROR;
				CLANG_WARN_DOCUMENTATION_COMMENTS = YES;
				CLANG_WARN_EMPTY_BODY = YES;
				CLANG_WARN_ENUM_CONVERSION = YES;
				CLANG_WARN_INFINITE_RECURSION = YES;
				CLANG_WARN_INT_CONVERSION = YES;
				CLANG_WARN_NON_LITERAL_NULL_CONVERSION = YES;
				CLANG_WARN_OBJC_IMPLICIT_RETAIN_SELF = YES;
				CLANG_WARN_OBJC_LITERAL_CONVERSION = YES;
				CLANG_WARN_OBJC_ROOT_CLASS = YES_ERROR;
				CLANG_WARN_RANGE_LOOP_ANALYSIS = YES;
				CLANG_WARN_STRICT_PROTOTYPES = YES;
				CLANG_WARN_SUSPICIOUS_MOVE = YES;
				CLANG_WARN_UNGUARDED_AVAILABILITY = YES_AGGRESSIVE;
				CLANG_WARN_UNREACHABLE_CODE = YES;
				CLANG_WARN__DUPLICATE_METHOD_MATCH = YES;
				COPY_PHASE_STRIP = NO;
				DEBUG_INFORMATION_FORMAT = dwarf;
				ENABLE_STRICT_OBJC_MSGSEND = YES;
				ENABLE_TESTABILITY = YES;
				GCC_C_LANGUAGE_STANDARD = gnu11;
				GCC_DYNAMIC_NO_PIC = NO;
				GCC_NO_COMMON_BLOCKS = YES;
				GCC_OPTIMIZATION_LEVEL = 0;
				GCC_PREPROCESSOR_DEFINITIONS = (
					"DEBUG=1",
					"$(inherited)",
				);
				GCC_WARN_64_TO_32_BIT_CONVERSION = YES;
				GCC_WARN_ABOUT_RETURN_TYPE = YES_ERROR;
				GCC_WARN_UNDECLARED_SELECTOR = YES;
				GCC_WARN_UNINITIALIZED_AUTOS = YES_AGGRESSIVE;
				GCC_WARN_UNUSED_FUNCTION = YES;
				GCC_WARN_UNUSED_VARIABLE = YES;
				IPHONEOS_DEPLOYMENT_TARGET = 13.2;
				MTL_ENABLE_DEBUG_INFO = INCLUDE_SOURCE;
				MTL_FAST_MATH = YES;
				ONLY_ACTIVE_ARCH = YES;
				SDKROOT = iphoneos;
				SWIFT_ACTIVE_COMPILATION_CONDITIONS = DEBUG;
				SWIFT_OPTIMIZATION_LEVEL = "-Onone";
			};
			name = Debug;
		};
		BDC29EE22420A10400CC26E4 /* Release */ = {
			isa = XCBuildConfiguration;
			buildSettings = {
				ALWAYS_SEARCH_USER_PATHS = NO;
				CLANG_ANALYZER_NONNULL = YES;
				CLANG_ANALYZER_NUMBER_OBJECT_CONVERSION = YES_AGGRESSIVE;
				CLANG_CXX_LANGUAGE_STANDARD = "gnu++14";
				CLANG_CXX_LIBRARY = "libc++";
				CLANG_ENABLE_MODULES = YES;
				CLANG_ENABLE_OBJC_ARC = YES;
				CLANG_ENABLE_OBJC_WEAK = YES;
				CLANG_WARN_BLOCK_CAPTURE_AUTORELEASING = YES;
				CLANG_WARN_BOOL_CONVERSION = YES;
				CLANG_WARN_COMMA = YES;
				CLANG_WARN_CONSTANT_CONVERSION = YES;
				CLANG_WARN_DEPRECATED_OBJC_IMPLEMENTATIONS = YES;
				CLANG_WARN_DIRECT_OBJC_ISA_USAGE = YES_ERROR;
				CLANG_WARN_DOCUMENTATION_COMMENTS = YES;
				CLANG_WARN_EMPTY_BODY = YES;
				CLANG_WARN_ENUM_CONVERSION = YES;
				CLANG_WARN_INFINITE_RECURSION = YES;
				CLANG_WARN_INT_CONVERSION = YES;
				CLANG_WARN_NON_LITERAL_NULL_CONVERSION = YES;
				CLANG_WARN_OBJC_IMPLICIT_RETAIN_SELF = YES;
				CLANG_WARN_OBJC_LITERAL_CONVERSION = YES;
				CLANG_WARN_OBJC_ROOT_CLASS = YES_ERROR;
				CLANG_WARN_RANGE_LOOP_ANALYSIS = YES;
				CLANG_WARN_STRICT_PROTOTYPES = YES;
				CLANG_WARN_SUSPICIOUS_MOVE = YES;
				CLANG_WARN_UNGUARDED_AVAILABILITY = YES_AGGRESSIVE;
				CLANG_WARN_UNREACHABLE_CODE = YES;
				CLANG_WARN__DUPLICATE_METHOD_MATCH = YES;
				COPY_PHASE_STRIP = NO;
				DEBUG_INFORMATION_FORMAT = "dwarf-with-dsym";
				ENABLE_NS_ASSERTIONS = NO;
				ENABLE_STRICT_OBJC_MSGSEND = YES;
				GCC_C_LANGUAGE_STANDARD = gnu11;
				GCC_NO_COMMON_BLOCKS = YES;
				GCC_WARN_64_TO_32_BIT_CONVERSION = YES;
				GCC_WARN_ABOUT_RETURN_TYPE = YES_ERROR;
				GCC_WARN_UNDECLARED_SELECTOR = YES;
				GCC_WARN_UNINITIALIZED_AUTOS = YES_AGGRESSIVE;
				GCC_WARN_UNUSED_FUNCTION = YES;
				GCC_WARN_UNUSED_VARIABLE = YES;
				IPHONEOS_DEPLOYMENT_TARGET = 13.2;
				MTL_ENABLE_DEBUG_INFO = NO;
				MTL_FAST_MATH = YES;
				SDKROOT = iphoneos;
				SWIFT_COMPILATION_MODE = wholemodule;
				SWIFT_OPTIMIZATION_LEVEL = "-O";
				VALIDATE_PRODUCT = YES;
			};
			name = Release;
		};
		BDC29EE42420A10400CC26E4 /* Debug */ = {
			isa = XCBuildConfiguration;
			buildSettings = {
				ASSETCATALOG_COMPILER_APPICON_NAME = AppIcon;
				CODE_SIGN_STYLE = Automatic;
				INFOPLIST_FILE = FinalProjectzW2020MAD3115/Info.plist;
				LD_RUNPATH_SEARCH_PATHS = (
					"$(inherited)",
					"@executable_path/Frameworks",
				);
				PRODUCT_BUNDLE_IDENTIFIER = RaghavBobal.FinalProjectzW2020MAD3115;
				PRODUCT_NAME = "$(TARGET_NAME)";
				SWIFT_VERSION = 5.0;
				TARGETED_DEVICE_FAMILY = 1;
			};
			name = Debug;
		};
		BDC29EE52420A10400CC26E4 /* Release */ = {
			isa = XCBuildConfiguration;
			buildSettings = {
				ASSETCATALOG_COMPILER_APPICON_NAME = AppIcon;
				CODE_SIGN_STYLE = Automatic;
				INFOPLIST_FILE = FinalProjectzW2020MAD3115/Info.plist;
				LD_RUNPATH_SEARCH_PATHS = (
					"$(inherited)",
					"@executable_path/Frameworks",
				);
				PRODUCT_BUNDLE_IDENTIFIER = RaghavBobal.FinalProjectzW2020MAD3115;
				PRODUCT_NAME = "$(TARGET_NAME)";
				SWIFT_VERSION = 5.0;
				TARGETED_DEVICE_FAMILY = 1;
			};
			name = Release;
		};
/* End XCBuildConfiguration section */

/* Begin XCConfigurationList section */
		BDC29ECA2420A10200CC26E4 /* Build configuration list for PBXProject "FinalProjectzW2020MAD3115" */ = {
			isa = XCConfigurationList;
			buildConfigurations = (
				BDC29EE12420A10400CC26E4 /* Debug */,
				BDC29EE22420A10400CC26E4 /* Release */,
			);
			defaultConfigurationIsVisible = 0;
			defaultConfigurationName = Release;
		};
		BDC29EE32420A10400CC26E4 /* Build configuration list for PBXNativeTarget "FinalProjectzW2020MAD3115" */ = {
			isa = XCConfigurationList;
			buildConfigurations = (
				BDC29EE42420A10400CC26E4 /* Debug */,
				BDC29EE52420A10400CC26E4 /* Release */,
			);
			defaultConfigurationIsVisible = 0;
			defaultConfigurationName = Release;
		};
/* End XCConfigurationList section */
	};
	rootObject = BDC29EC72420A10200CC26E4 /* Project object */;
}
