// !$*UTF8*$!
{
	archiveVersion = 1;
	classes = {
	};
	objectVersion = 50;
	objects = {

/* Begin PBXBuildFile section */
		AB258823242D748E000B3A5A /* SelectionNavViewController.swift in Sources */ = {isa = PBXBuildFile; fileRef = AB258822242D748E000B3A5A /* SelectionNavViewController.swift */; };
		AB25882B242D8DE4000B3A5A /* PersonListViewController.swift in Sources */ = {isa = PBXBuildFile; fileRef = AB25882A242D8DE4000B3A5A /* PersonListViewController.swift */; };
		AB25882D242D9B78000B3A5A /* VehicleListViewController.swift in Sources */ = {isa = PBXBuildFile; fileRef = AB25882C242D9B78000B3A5A /* VehicleListViewController.swift */; };
		AB25882F242DB14E000B3A5A /* RentListViewController.swift in Sources */ = {isa = PBXBuildFile; fileRef = AB25882E242DB14E000B3A5A /* RentListViewController.swift */; };
		AB258832242DB96C000B3A5A /* CustomerDetailViewController.swift in Sources */ = {isa = PBXBuildFile; fileRef = AB258831242DB96C000B3A5A /* CustomerDetailViewController.swift */; };
		AB258834242DBF74000B3A5A /* OwnerDetailViewController.swift in Sources */ = {isa = PBXBuildFile; fileRef = AB258833242DBF74000B3A5A /* OwnerDetailViewController.swift */; };
		AB258836242DBF83000B3A5A /* DriverDetailViewController.swift in Sources */ = {isa = PBXBuildFile; fileRef = AB258835242DBF83000B3A5A /* DriverDetailViewController.swift */; };
		AB258838242DC0F5000B3A5A /* CustomTabBarViewController.swift in Sources */ = {isa = PBXBuildFile; fileRef = AB258837242DC0F5000B3A5A /* CustomTabBarViewController.swift */; };
		AB25883B242DC54E000B3A5A /* VehicleDetailViewController.swift in Sources */ = {isa = PBXBuildFile; fileRef = AB25883A242DC54E000B3A5A /* VehicleDetailViewController.swift */; };
		AB25883E242DCAB6000B3A5A /* RentDetailViewController.swift in Sources */ = {isa = PBXBuildFile; fileRef = AB25883D242DCAB6000B3A5A /* RentDetailViewController.swift */; };
		AB258840242DD344000B3A5A /* UIButton+Extensions.swift in Sources */ = {isa = PBXBuildFile; fileRef = AB25883F242DD344000B3A5A /* UIButton+Extensions.swift */; };
		AB9998D9242D3BB4002E2E89 /* ObjectManager.swift in Sources */ = {isa = PBXBuildFile; fileRef = AB9998D8242D3BB4002E2E89 /* ObjectManager.swift */; };
		AB9998E0242D4652002E2E89 /* DriverData.json in Resources */ = {isa = PBXBuildFile; fileRef = AB9998DF242D4652002E2E89 /* DriverData.json */; };
		AB9998E2242D46C5002E2E89 /* CustomerData.json in Resources */ = {isa = PBXBuildFile; fileRef = AB9998E1242D46C5002E2E89 /* CustomerData.json */; };
		AB9998E4242D46DF002E2E89 /* OwnerData.json in Resources */ = {isa = PBXBuildFile; fileRef = AB9998E3242D46DF002E2E89 /* OwnerData.json */; };
		AB9998E6242D46F9002E2E89 /* CarData.json in Resources */ = {isa = PBXBuildFile; fileRef = AB9998E5242D46F9002E2E89 /* CarData.json */; };
		AB9998E8242D4729002E2E89 /* BusData.json in Resources */ = {isa = PBXBuildFile; fileRef = AB9998E7242D4729002E2E89 /* BusData.json */; };
		AB9998EA242D4749002E2E89 /* MotorCycleData.json in Resources */ = {isa = PBXBuildFile; fileRef = AB9998E9242D4749002E2E89 /* MotorCycleData.json */; };
		BD09D0B8242349B5000294F8 /* SignUpViewController.swift in Sources */ = {isa = PBXBuildFile; fileRef = BD09D0B7242349B5000294F8 /* SignUpViewController.swift */; };
		BD3D10882420B7D100614770 /* LoginViewController.swift in Sources */ = {isa = PBXBuildFile; fileRef = BD3D10872420B7D100614770 /* LoginViewController.swift */; };
		BD3D109B2421D16A00614770 /* PasswordUtil.swift in Sources */ = {isa = PBXBuildFile; fileRef = BD3D109A2421D16A00614770 /* PasswordUtil.swift */; };
		BD3D109D2421D19300614770 /* CustomFileHandler.swift in Sources */ = {isa = PBXBuildFile; fileRef = BD3D109C2421D19300614770 /* CustomFileHandler.swift */; };
		BD3D10A12421D1CC00614770 /* TypeNameProtocol.swift in Sources */ = {isa = PBXBuildFile; fileRef = BD3D10A02421D1CC00614770 /* TypeNameProtocol.swift */; };
		BD3D10A32421D1EB00614770 /* OutputStream.swift in Sources */ = {isa = PBXBuildFile; fileRef = BD3D10A22421D1EB00614770 /* OutputStream.swift */; };
		BD3D10A62421D26F00614770 /* Vehicle.swift in Sources */ = {isa = PBXBuildFile; fileRef = BD3D10A52421D26F00614770 /* Vehicle.swift */; };
		BD3D10A82421D28800614770 /* Car.swift in Sources */ = {isa = PBXBuildFile; fileRef = BD3D10A72421D28800614770 /* Car.swift */; };
		BD3D10AA2421D2A200614770 /* Bus.swift in Sources */ = {isa = PBXBuildFile; fileRef = BD3D10A92421D2A200614770 /* Bus.swift */; };
		BD3D10AC2421D2B900614770 /* FuelType.swift in Sources */ = {isa = PBXBuildFile; fileRef = BD3D10AB2421D2B900614770 /* FuelType.swift */; };
		BD3D10AE2421D2D900614770 /* MotorCycle.swift in Sources */ = {isa = PBXBuildFile; fileRef = BD3D10AD2421D2D900614770 /* MotorCycle.swift */; };
		BD3D10B42421D36700614770 /* Validations.swift in Sources */ = {isa = PBXBuildFile; fileRef = BD3D10B32421D36700614770 /* Validations.swift */; };
		BD3D10B72421D39200614770 /* String+Extensions.swift in Sources */ = {isa = PBXBuildFile; fileRef = BD3D10B62421D39200614770 /* String+Extensions.swift */; };
		BD3D10B92421D3B200614770 /* Float+Extensions.swift in Sources */ = {isa = PBXBuildFile; fileRef = BD3D10B82421D3B200614770 /* Float+Extensions.swift */; };
		BD3D10BB2421D3E100614770 /* Date+Extensions.swift in Sources */ = {isa = PBXBuildFile; fileRef = BD3D10BA2421D3E100614770 /* Date+Extensions.swift */; };
		BD3D10C12421D75600614770 /* VehicleRent.swift in Sources */ = {isa = PBXBuildFile; fileRef = BD3D10C02421D75600614770 /* VehicleRent.swift */; };
		BD91E1192422ADC900157F9A /* Person.swift in Sources */ = {isa = PBXBuildFile; fileRef = BD91E1182422ADC900157F9A /* Person.swift */; };
		BD91E11B2422ADD400157F9A /* Customer.swift in Sources */ = {isa = PBXBuildFile; fileRef = BD91E11A2422ADD400157F9A /* Customer.swift */; };
		BD91E11D2422ADDA00157F9A /* Address.swift in Sources */ = {isa = PBXBuildFile; fileRef = BD91E11C2422ADDA00157F9A /* Address.swift */; };
		BD91E11F2422ADDF00157F9A /* Contact.swift in Sources */ = {isa = PBXBuildFile; fileRef = BD91E11E2422ADDF00157F9A /* Contact.swift */; };
		BD91E1212422ADE300157F9A /* Driver.swift in Sources */ = {isa = PBXBuildFile; fileRef = BD91E1202422ADE300157F9A /* Driver.swift */; };
		BD91E1232422ADED00157F9A /* Owner.swift in Sources */ = {isa = PBXBuildFile; fileRef = BD91E1222422ADED00157F9A /* Owner.swift */; };
		BD91E1252422ADF200157F9A /* Gender .swift in Sources */ = {isa = PBXBuildFile; fileRef = BD91E1242422ADF200157F9A /* Gender .swift */; };
		BD91E1272422BF6B00157F9A /* Extension+UITextField .swift in Sources */ = {isa = PBXBuildFile; fileRef = BD91E1262422BF6B00157F9A /* Extension+UITextField .swift */; };
		BDC29ED32420A10200CC26E4 /* AppDelegate.swift in Sources */ = {isa = PBXBuildFile; fileRef = BDC29ED22420A10200CC26E4 /* AppDelegate.swift */; };
		BDC29ED52420A10200CC26E4 /* SceneDelegate.swift in Sources */ = {isa = PBXBuildFile; fileRef = BDC29ED42420A10200CC26E4 /* SceneDelegate.swift */; };
		BDC29ED72420A10200CC26E4 /* HomePageViewController.swift in Sources */ = {isa = PBXBuildFile; fileRef = BDC29ED62420A10200CC26E4 /* HomePageViewController.swift */; };
		BDC29EDA2420A10200CC26E4 /* Main.storyboard in Resources */ = {isa = PBXBuildFile; fileRef = BDC29ED82420A10200CC26E4 /* Main.storyboard */; };
		BDC29EDC2420A10400CC26E4 /* Assets.xcassets in Resources */ = {isa = PBXBuildFile; fileRef = BDC29EDB2420A10400CC26E4 /* Assets.xcassets */; };
		BDC29EDF2420A10400CC26E4 /* LaunchScreen.storyboard in Resources */ = {isa = PBXBuildFile; fileRef = BDC29EDD2420A10400CC26E4 /* LaunchScreen.storyboard */; };
/* End PBXBuildFile section */

/* Begin PBXFileReference section */
		AB258822242D748E000B3A5A /* SelectionNavViewController.swift */ = {isa = PBXFileReference; lastKnownFileType = sourcecode.swift; path = SelectionNavViewController.swift; sourceTree = "<group>"; };
		AB25882A242D8DE4000B3A5A /* PersonListViewController.swift */ = {isa = PBXFileReference; lastKnownFileType = sourcecode.swift; path = PersonListViewController.swift; sourceTree = "<group>"; };
		AB25882C242D9B78000B3A5A /* VehicleListViewController.swift */ = {isa = PBXFileReference; lastKnownFileType = sourcecode.swift; path = VehicleListViewController.swift; sourceTree = "<group>"; };
		AB25882E242DB14E000B3A5A /* RentListViewController.swift */ = {isa = PBXFileReference; lastKnownFileType = sourcecode.swift; path = RentListViewController.swift; sourceTree = "<group>"; };
		AB258831242DB96C000B3A5A /* CustomerDetailViewController.swift */ = {isa = PBXFileReference; lastKnownFileType = sourcecode.swift; path = CustomerDetailViewController.swift; sourceTree = "<group>"; };
		AB258833242DBF74000B3A5A /* OwnerDetailViewController.swift */ = {isa = PBXFileReference; lastKnownFileType = sourcecode.swift; path = OwnerDetailViewController.swift; sourceTree = "<group>"; };
		AB258835242DBF83000B3A5A /* DriverDetailViewController.swift */ = {isa = PBXFileReference; lastKnownFileType = sourcecode.swift; path = DriverDetailViewController.swift; sourceTree = "<group>"; };
		AB258837242DC0F5000B3A5A /* CustomTabBarViewController.swift */ = {isa = PBXFileReference; lastKnownFileType = sourcecode.swift; path = CustomTabBarViewController.swift; sourceTree = "<group>"; };
		AB25883A242DC54E000B3A5A /* VehicleDetailViewController.swift */ = {isa = PBXFileReference; lastKnownFileType = sourcecode.swift; path = VehicleDetailViewController.swift; sourceTree = "<group>"; };
		AB25883D242DCAB6000B3A5A /* RentDetailViewController.swift */ = {isa = PBXFileReference; lastKnownFileType = sourcecode.swift; path = RentDetailViewController.swift; sourceTree = "<group>"; };
		AB25883F242DD344000B3A5A /* UIButton+Extensions.swift */ = {isa = PBXFileReference; lastKnownFileType = sourcecode.swift; path = "UIButton+Extensions.swift"; sourceTree = "<group>"; };
		AB9998D8242D3BB4002E2E89 /* ObjectManager.swift */ = {isa = PBXFileReference; lastKnownFileType = sourcecode.swift; path = ObjectManager.swift; sourceTree = "<group>"; };
		AB9998DF242D4652002E2E89 /* DriverData.json */ = {isa = PBXFileReference; lastKnownFileType = text.json; path = DriverData.json; sourceTree = "<group>"; };
		AB9998E1242D46C5002E2E89 /* CustomerData.json */ = {isa = PBXFileReference; lastKnownFileType = text.json; path = CustomerData.json; sourceTree = "<group>"; };
		AB9998E3242D46DF002E2E89 /* OwnerData.json */ = {isa = PBXFileReference; lastKnownFileType = text.json; path = OwnerData.json; sourceTree = "<group>"; };
		AB9998E5242D46F9002E2E89 /* CarData.json */ = {isa = PBXFileReference; lastKnownFileType = text.json; path = CarData.json; sourceTree = "<group>"; };
		AB9998E7242D4729002E2E89 /* BusData.json */ = {isa = PBXFileReference; lastKnownFileType = text.json; path = BusData.json; sourceTree = "<group>"; };
		AB9998E9242D4749002E2E89 /* MotorCycleData.json */ = {isa = PBXFileReference; lastKnownFileType = text.json; path = MotorCycleData.json; sourceTree = "<group>"; };
		BD09D0B7242349B5000294F8 /* SignUpViewController.swift */ = {isa = PBXFileReference; lastKnownFileType = sourcecode.swift; path = SignUpViewController.swift; sourceTree = "<group>"; };
		BD3D10872420B7D100614770 /* LoginViewController.swift */ = {isa = PBXFileReference; lastKnownFileType = sourcecode.swift; path = LoginViewController.swift; sourceTree = "<group>"; };
		BD3D109A2421D16A00614770 /* PasswordUtil.swift */ = {isa = PBXFileReference; fileEncoding = 4; lastKnownFileType = sourcecode.swift; path = PasswordUtil.swift; sourceTree = "<group>"; };
		BD3D109C2421D19300614770 /* CustomFileHandler.swift */ = {isa = PBXFileReference; fileEncoding = 4; lastKnownFileType = sourcecode.swift; path = CustomFileHandler.swift; sourceTree = "<group>"; };
		BD3D10A02421D1CC00614770 /* TypeNameProtocol.swift */ = {isa = PBXFileReference; fileEncoding = 4; lastKnownFileType = sourcecode.swift; path = TypeNameProtocol.swift; sourceTree = "<group>"; };
		BD3D10A22421D1EB00614770 /* OutputStream.swift */ = {isa = PBXFileReference; fileEncoding = 4; lastKnownFileType = sourcecode.swift; path = OutputStream.swift; sourceTree = "<group>"; };
		BD3D10A52421D26F00614770 /* Vehicle.swift */ = {isa = PBXFileReference; fileEncoding = 4; lastKnownFileType = sourcecode.swift; path = Vehicle.swift; sourceTree = "<group>"; };
		BD3D10A72421D28800614770 /* Car.swift */ = {isa = PBXFileReference; fileEncoding = 4; lastKnownFileType = sourcecode.swift; path = Car.swift; sourceTree = "<group>"; };
		BD3D10A92421D2A200614770 /* Bus.swift */ = {isa = PBXFileReference; fileEncoding = 4; lastKnownFileType = sourcecode.swift; path = Bus.swift; sourceTree = "<group>"; };
		BD3D10AB2421D2B900614770 /* FuelType.swift */ = {isa = PBXFileReference; fileEncoding = 4; lastKnownFileType = sourcecode.swift; path = FuelType.swift; sourceTree = "<group>"; };
		BD3D10AD2421D2D900614770 /* MotorCycle.swift */ = {isa = PBXFileReference; fileEncoding = 4; lastKnownFileType = sourcecode.swift; path = MotorCycle.swift; sourceTree = "<group>"; };
		BD3D10B32421D36700614770 /* Validations.swift */ = {isa = PBXFileReference; fileEncoding = 4; lastKnownFileType = sourcecode.swift; path = Validations.swift; sourceTree = "<group>"; };
		BD3D10B62421D39200614770 /* String+Extensions.swift */ = {isa = PBXFileReference; fileEncoding = 4; lastKnownFileType = sourcecode.swift; path = "String+Extensions.swift"; sourceTree = "<group>"; };
		BD3D10B82421D3B200614770 /* Float+Extensions.swift */ = {isa = PBXFileReference; fileEncoding = 4; lastKnownFileType = sourcecode.swift; path = "Float+Extensions.swift"; sourceTree = "<group>"; };
		BD3D10BA2421D3E100614770 /* Date+Extensions.swift */ = {isa = PBXFileReference; fileEncoding = 4; lastKnownFileType = sourcecode.swift; path = "Date+Extensions.swift"; sourceTree = "<group>"; };
		BD3D10C02421D75600614770 /* VehicleRent.swift */ = {isa = PBXFileReference; fileEncoding = 4; lastKnownFileType = sourcecode.swift; path = VehicleRent.swift; sourceTree = "<group>"; };
		BD91E1182422ADC900157F9A /* Person.swift */ = {isa = PBXFileReference; fileEncoding = 4; lastKnownFileType = sourcecode.swift; path = Person.swift; sourceTree = "<group>"; };
		BD91E11A2422ADD400157F9A /* Customer.swift */ = {isa = PBXFileReference; fileEncoding = 4; lastKnownFileType = sourcecode.swift; path = Customer.swift; sourceTree = "<group>"; };
		BD91E11C2422ADDA00157F9A /* Address.swift */ = {isa = PBXFileReference; fileEncoding = 4; lastKnownFileType = sourcecode.swift; path = Address.swift; sourceTree = "<group>"; };
		BD91E11E2422ADDF00157F9A /* Contact.swift */ = {isa = PBXFileReference; fileEncoding = 4; lastKnownFileType = sourcecode.swift; path = Contact.swift; sourceTree = "<group>"; };
		BD91E1202422ADE300157F9A /* Driver.swift */ = {isa = PBXFileReference; fileEncoding = 4; lastKnownFileType = sourcecode.swift; path = Driver.swift; sourceTree = "<group>"; };
		BD91E1222422ADED00157F9A /* Owner.swift */ = {isa = PBXFileReference; fileEncoding = 4; lastKnownFileType = sourcecode.swift; path = Owner.swift; sourceTree = "<group>"; };
		BD91E1242422ADF200157F9A /* Gender .swift */ = {isa = PBXFileReference; fileEncoding = 4; lastKnownFileType = sourcecode.swift; path = "Gender .swift"; sourceTree = "<group>"; };
		BD91E1262422BF6B00157F9A /* Extension+UITextField .swift */ = {isa = PBXFileReference; fileEncoding = 4; lastKnownFileType = sourcecode.swift; path = "Extension+UITextField .swift"; sourceTree = "<group>"; };
		BDC29ECF2420A10200CC26E4 /* FinalProjectzW2020MAD3115.app */ = {isa = PBXFileReference; explicitFileType = wrapper.application; includeInIndex = 0; path = FinalProjectzW2020MAD3115.app; sourceTree = BUILT_PRODUCTS_DIR; };
		BDC29ED22420A10200CC26E4 /* AppDelegate.swift */ = {isa = PBXFileReference; lastKnownFileType = sourcecode.swift; path = AppDelegate.swift; sourceTree = "<group>"; };
		BDC29ED42420A10200CC26E4 /* SceneDelegate.swift */ = {isa = PBXFileReference; lastKnownFileType = sourcecode.swift; path = SceneDelegate.swift; sourceTree = "<group>"; };
		BDC29ED62420A10200CC26E4 /* HomePageViewController.swift */ = {isa = PBXFileReference; lastKnownFileType = sourcecode.swift; path = HomePageViewController.swift; sourceTree = "<group>"; };
		BDC29ED92420A10200CC26E4 /* Base */ = {isa = PBXFileReference; lastKnownFileType = file.storyboard; name = Base; path = Base.lproj/Main.storyboard; sourceTree = "<group>"; };
		BDC29EDB2420A10400CC26E4 /* Assets.xcassets */ = {isa = PBXFileReference; lastKnownFileType = folder.assetcatalog; path = Assets.xcassets; sourceTree = "<group>"; };
		BDC29EDE2420A10400CC26E4 /* Base */ = {isa = PBXFileReference; lastKnownFileType = file.storyboard; name = Base; path = Base.lproj/LaunchScreen.storyboard; sourceTree = "<group>"; };
		BDC29EE02420A10400CC26E4 /* Info.plist */ = {isa = PBXFileReference; lastKnownFileType = text.plist.xml; path = Info.plist; sourceTree = "<group>"; };
/* End PBXFileReference section */

/* Begin PBXFrameworksBuildPhase section */
		BDC29ECC2420A10200CC26E4 /* Frameworks */ = {
			isa = PBXFrameworksBuildPhase;
			buildActionMask = 2147483647;
			files = (
			);
			runOnlyForDeploymentPostprocessing = 0;
		};
/* End PBXFrameworksBuildPhase section */

/* Begin PBXGroup section */
		AB258830242DB953000B3A5A /* Person */ = {
			isa = PBXGroup;
			children = (
				AB25882A242D8DE4000B3A5A /* PersonListViewController.swift */,
				AB258831242DB96C000B3A5A /* CustomerDetailViewController.swift */,
				AB258833242DBF74000B3A5A /* OwnerDetailViewController.swift */,
				AB258835242DBF83000B3A5A /* DriverDetailViewController.swift */,
			);
			path = Person;
			sourceTree = "<group>";
		};
		AB258839242DC534000B3A5A /* Vehicle */ = {
			isa = PBXGroup;
			children = (
				AB25882C242D9B78000B3A5A /* VehicleListViewController.swift */,
				AB25883A242DC54E000B3A5A /* VehicleDetailViewController.swift */,
			);
			path = Vehicle;
			sourceTree = "<group>";
		};
		AB25883C242DCA9E000B3A5A /* Rent */ = {
			isa = PBXGroup;
			children = (
				AB25882E242DB14E000B3A5A /* RentListViewController.swift */,
				AB25883D242DCAB6000B3A5A /* RentDetailViewController.swift */,
			);
			path = Rent;
			sourceTree = "<group>";
		};
		AB9998DE242D4621002E2E89 /* JSONfiles */ = {
			isa = PBXGroup;
			children = (
				AB9998DF242D4652002E2E89 /* DriverData.json */,
				AB9998E1242D46C5002E2E89 /* CustomerData.json */,
				AB9998E3242D46DF002E2E89 /* OwnerData.json */,
				AB9998E5242D46F9002E2E89 /* CarData.json */,
				AB9998E7242D4729002E2E89 /* BusData.json */,
				AB9998E9242D4749002E2E89 /* MotorCycleData.json */,
			);
			path = JSONfiles;
			sourceTree = "<group>";
		};
		BD3D10892420B7D900614770 /* View Controllers */ = {
			isa = PBXGroup;
			children = (
				AB25883C242DCA9E000B3A5A /* Rent */,
				AB258839242DC534000B3A5A /* Vehicle */,
				AB258830242DB953000B3A5A /* Person */,
				BDC29ED62420A10200CC26E4 /* HomePageViewController.swift */,
				BD3D10872420B7D100614770 /* LoginViewController.swift */,
				BD09D0B7242349B5000294F8 /* SignUpViewController.swift */,
				AB258822242D748E000B3A5A /* SelectionNavViewController.swift */,
				AB258837242DC0F5000B3A5A /* CustomTabBarViewController.swift */,
			);
			path = "View Controllers";
			sourceTree = "<group>";
		};
		BD3D108C2421CF0000614770 /* Model */ = {
			isa = PBXGroup;
			children = (
				BD3D10C02421D75600614770 /* VehicleRent.swift */,
				BD91E1172422ADB200157F9A /* Person */,
				BD3D10A42421D25700614770 /* Vehicles */,
				BD3D10B22421D34E00614770 /* Exceptions */,
				BD3D10B52421D37B00614770 /* Extensions */,
			);
			path = Model;
			sourceTree = "<group>";
		};
		BD3D10992421D15200614770 /* Util */ = {
			isa = PBXGroup;
			children = (
				BD3D109A2421D16A00614770 /* PasswordUtil.swift */,
				BD3D109C2421D19300614770 /* CustomFileHandler.swift */,
				BD3D10A02421D1CC00614770 /* TypeNameProtocol.swift */,
				BD3D10A22421D1EB00614770 /* OutputStream.swift */,
				AB9998D8242D3BB4002E2E89 /* ObjectManager.swift */,
			);
			path = Util;
			sourceTree = "<group>";
		};
		BD3D10A42421D25700614770 /* Vehicles */ = {
			isa = PBXGroup;
			children = (
				BD3D10A52421D26F00614770 /* Vehicle.swift */,
				BD3D10A72421D28800614770 /* Car.swift */,
				BD3D10A92421D2A200614770 /* Bus.swift */,
				BD3D10AB2421D2B900614770 /* FuelType.swift */,
				BD3D10AD2421D2D900614770 /* MotorCycle.swift */,
			);
			path = Vehicles;
			sourceTree = "<group>";
		};
		BD3D10B22421D34E00614770 /* Exceptions */ = {
			isa = PBXGroup;
			children = (
				BD3D10B32421D36700614770 /* Validations.swift */,
			);
			path = Exceptions;
			sourceTree = "<group>";
		};
		BD3D10B52421D37B00614770 /* Extensions */ = {
			isa = PBXGroup;
			children = (
				BD3D10B62421D39200614770 /* String+Extensions.swift */,
				BD3D10B82421D3B200614770 /* Float+Extensions.swift */,
				BD3D10BA2421D3E100614770 /* Date+Extensions.swift */,
				BD91E1262422BF6B00157F9A /* Extension+UITextField .swift */,
				AB25883F242DD344000B3A5A /* UIButton+Extensions.swift */,
			);
			path = Extensions;
			sourceTree = "<group>";
		};
		BD91E1172422ADB200157F9A /* Person */ = {
			isa = PBXGroup;
			children = (
				BD91E1182422ADC900157F9A /* Person.swift */,
				BD91E11A2422ADD400157F9A /* Customer.swift */,
				BD91E11C2422ADDA00157F9A /* Address.swift */,
				BD91E11E2422ADDF00157F9A /* Contact.swift */,
				BD91E1202422ADE300157F9A /* Driver.swift */,
				BD91E1242422ADF200157F9A /* Gender .swift */,
				BD91E1222422ADED00157F9A /* Owner.swift */,
			);
			path = Person;
			sourceTree = "<group>";
		};
		BDC29EC62420A10200CC26E4 = {
			isa = PBXGroup;
			children = (
				AB9998DE242D4621002E2E89 /* JSONfiles */,
				BDC29ED12420A10200CC26E4 /* FinalProjectzW2020MAD3115 */,
				BDC29ED02420A10200CC26E4 /* Products */,
			);
			sourceTree = "<group>";
		};
		BDC29ED02420A10200CC26E4 /* Products */ = {
			isa = PBXGroup;
			children = (
				BDC29ECF2420A10200CC26E4 /* FinalProjectzW2020MAD3115.app */,
			);
			name = Products;
			sourceTree = "<group>";
		};
		BDC29ED12420A10200CC26E4 /* FinalProjectzW2020MAD3115 */ = {
			isa = PBXGroup;
			children = (
				BDC29ED22420A10200CC26E4 /* AppDelegate.swift */,
				BDC29ED42420A10200CC26E4 /* SceneDelegate.swift */,
				BD3D10892420B7D900614770 /* View Controllers */,
				BDC29ED82420A10200CC26E4 /* Main.storyboard */,
				BDC29EDD2420A10400CC26E4 /* LaunchScreen.storyboard */,
				BD3D10992421D15200614770 /* Util */,
				BD3D108C2421CF0000614770 /* Model */,
				BDC29EDB2420A10400CC26E4 /* Assets.xcassets */,
				BDC29EE02420A10400CC26E4 /* Info.plist */,
			);
			path = FinalProjectzW2020MAD3115;
			sourceTree = "<group>";
		};
/* End PBXGroup section */

/* Begin PBXNativeTarget section */
		BDC29ECE2420A10200CC26E4 /* FinalProjectzW2020MAD3115 */ = {
			isa = PBXNativeTarget;
			buildConfigurationList = BDC29EE32420A10400CC26E4 /* Build configuration list for PBXNativeTarget "FinalProjectzW2020MAD3115" */;
			buildPhases = (
				BDC29ECB2420A10200CC26E4 /* Sources */,
				BDC29ECC2420A10200CC26E4 /* Frameworks */,
				BDC29ECD2420A10200CC26E4 /* Resources */,
			);
			buildRules = (
			);
			dependencies = (
			);
			name = FinalProjectzW2020MAD3115;
			productName = FinalProjectzW2020MAD3115;
			productReference = BDC29ECF2420A10200CC26E4 /* FinalProjectzW2020MAD3115.app */;
			productType = "com.apple.product-type.application";
		};
/* End PBXNativeTarget section */

/* Begin PBXProject section */
		BDC29EC72420A10200CC26E4 /* Project object */ = {
			isa = PBXProject;
			attributes = {
				LastSwiftUpdateCheck = 1130;
				LastUpgradeCheck = 1130;
				ORGANIZATIONNAME = com.lambton;
				TargetAttributes = {
					BDC29ECE2420A10200CC26E4 = {
						CreatedOnToolsVersion = 11.3.1;
					};
				};
			};
			buildConfigurationList = BDC29ECA2420A10200CC26E4 /* Build configuration list for PBXProject "FinalProjectzW2020MAD3115" */;
			compatibilityVersion = "Xcode 9.3";
			developmentRegion = en;
			hasScannedForEncodings = 0;
			knownRegions = (
				en,
				Base,
			);
			mainGroup = BDC29EC62420A10200CC26E4;
			productRefGroup = BDC29ED02420A10200CC26E4 /* Products */;
			projectDirPath = "";
			projectRoot = "";
			targets = (
				BDC29ECE2420A10200CC26E4 /* FinalProjectzW2020MAD3115 */,
			);
		};
/* End PBXProject section */

/* Begin PBXResourcesBuildPhase section */
		BDC29ECD2420A10200CC26E4 /* Resources */ = {
			isa = PBXResourcesBuildPhase;
			buildActionMask = 2147483647;
			files = (
				AB9998E8242D4729002E2E89 /* BusData.json in Resources */,
				BDC29EDF2420A10400CC26E4 /* LaunchScreen.storyboard in Resources */,
				AB9998E2242D46C5002E2E89 /* CustomerData.json in Resources */,
				AB9998E0242D4652002E2E89 /* DriverData.json in Resources */,
				BDC29EDC2420A10400CC26E4 /* Assets.xcassets in Resources */,
				BDC29EDA2420A10200CC26E4 /* Main.storyboard in Resources */,
				AB9998E4242D46DF002E2E89 /* OwnerData.json in Resources */,
				AB9998E6242D46F9002E2E89 /* CarData.json in Resources */,
				AB9998EA242D4749002E2E89 /* MotorCycleData.json in Resources */,
			);
			runOnlyForDeploymentPostprocessing = 0;
		};
/* End PBXResourcesBuildPhase section */

/* Begin PBXSourcesBuildPhase section */
		BDC29ECB2420A10200CC26E4 /* Sources */ = {
			isa = PBXSourcesBuildPhase;
			buildActionMask = 2147483647;
			files = (
				BD3D10882420B7D100614770 /* LoginViewController.swift in Sources */,
				BD3D10AA2421D2A200614770 /* Bus.swift in Sources */,
				BD3D10AC2421D2B900614770 /* FuelType.swift in Sources */,
				BDC29ED72420A10200CC26E4 /* HomePageViewController.swift in Sources */,
				AB25883E242DCAB6000B3A5A /* RentDetailViewController.swift in Sources */,
				AB25882F242DB14E000B3A5A /* RentListViewController.swift in Sources */,
				BD3D10C12421D75600614770 /* VehicleRent.swift in Sources */,
				BDC29ED32420A10200CC26E4 /* AppDelegate.swift in Sources */,
				BD3D109B2421D16A00614770 /* PasswordUtil.swift in Sources */,
				BD91E1252422ADF200157F9A /* Gender .swift in Sources */,
				BD91E11B2422ADD400157F9A /* Customer.swift in Sources */,
				BD3D10A62421D26F00614770 /* Vehicle.swift in Sources */,
				AB258834242DBF74000B3A5A /* OwnerDetailViewController.swift in Sources */,
				BD3D10B92421D3B200614770 /* Float+Extensions.swift in Sources */,
				BD3D10A12421D1CC00614770 /* TypeNameProtocol.swift in Sources */,
				AB258838242DC0F5000B3A5A /* CustomTabBarViewController.swift in Sources */,
				BD3D10A32421D1EB00614770 /* OutputStream.swift in Sources */,
				AB258832242DB96C000B3A5A /* CustomerDetailViewController.swift in Sources */,
				AB25883B242DC54E000B3A5A /* VehicleDetailViewController.swift in Sources */,
				AB258823242D748E000B3A5A /* SelectionNavViewController.swift in Sources */,
				BD91E11F2422ADDF00157F9A /* Contact.swift in Sources */,
				AB9998D9242D3BB4002E2E89 /* ObjectManager.swift in Sources */,
				BD91E1232422ADED00157F9A /* Owner.swift in Sources */,
				AB258836242DBF83000B3A5A /* DriverDetailViewController.swift in Sources */,
				BDC29ED52420A10200CC26E4 /* SceneDelegate.swift in Sources */,
				AB258840242DD344000B3A5A /* UIButton+Extensions.swift in Sources */,
				AB25882D242D9B78000B3A5A /* VehicleListViewController.swift in Sources */,
				BD3D10A82421D28800614770 /* Car.swift in Sources */,
				BD3D10BB2421D3E100614770 /* Date+Extensions.swift in Sources */,
				BD91E11D2422ADDA00157F9A /* Address.swift in Sources */,
				BD3D10AE2421D2D900614770 /* MotorCycle.swift in Sources */,
				BD3D10B72421D39200614770 /* String+Extensions.swift in Sources */,
				BD91E1272422BF6B00157F9A /* Extension+UITextField .swift in Sources */,
				AB25882B242D8DE4000B3A5A /* PersonListViewController.swift in Sources */,
				BD09D0B8242349B5000294F8 /* SignUpViewController.swift in Sources */,
				BD91E1212422ADE300157F9A /* Driver.swift in Sources */,
				BD91E1192422ADC900157F9A /* Person.swift in Sources */,
				BD3D10B42421D36700614770 /* Validations.swift in Sources */,
				BD3D109D2421D19300614770 /* CustomFileHandler.swift in Sources */,
			);
			runOnlyForDeploymentPostprocessing = 0;
		};
/* End PBXSourcesBuildPhase section */

/* Begin PBXVariantGroup section */
		BDC29ED82420A10200CC26E4 /* Main.storyboard */ = {
			isa = PBXVariantGroup;
			children = (
				BDC29ED92420A10200CC26E4 /* Base */,
			);
			name = Main.storyboard;
			sourceTree = "<group>";
		};
		BDC29EDD2420A10400CC26E4 /* LaunchScreen.storyboard */ = {
			isa = PBXVariantGroup;
			children = (
				BDC29EDE2420A10400CC26E4 /* Base */,
			);
			name = LaunchScreen.storyboard;
			sourceTree = "<group>";
		};
/* End PBXVariantGroup section */

/* Begin XCBuildConfiguration section */
		BDC29EE12420A10400CC26E4 /* Debug */ = {
			isa = XCBuildConfiguration;
			buildSettings = {
				ALWAYS_SEARCH_USER_PATHS = NO;
				CLANG_ANALYZER_NONNULL = YES;
				CLANG_ANALYZER_NUMBER_OBJECT_CONVERSION = YES_AGGRESSIVE;
				CLANG_CXX_LANGUAGE_STANDARD = "gnu++14";
				CLANG_CXX_LIBRARY = "libc++";
				CLANG_ENABLE_MODULES = YES;
				CLANG_ENABLE_OBJC_ARC = YES;
				CLANG_ENABLE_OBJC_WEAK = YES;
				CLANG_WARN_BLOCK_CAPTURE_AUTORELEASING = YES;
				CLANG_WARN_BOOL_CONVERSION = YES;
				CLANG_WARN_COMMA = YES;
				CLANG_WARN_CONSTANT_CONVERSION = YES;
				CLANG_WARN_DEPRECATED_OBJC_IMPLEMENTATIONS = YES;
				CLANG_WARN_DIRECT_OBJC_ISA_USAGE = YES_ERROR;
				CLANG_WARN_DOCUMENTATION_COMMENTS = YES;
				CLANG_WARN_EMPTY_BODY = YES;
				CLANG_WARN_ENUM_CONVERSION = YES;
				CLANG_WARN_INFINITE_RECURSION = YES;
				CLANG_WARN_INT_CONVERSION = YES;
				CLANG_WARN_NON_LITERAL_NULL_CONVERSION = YES;
				CLANG_WARN_OBJC_IMPLICIT_RETAIN_SELF = YES;
				CLANG_WARN_OBJC_LITERAL_CONVERSION = YES;
				CLANG_WARN_OBJC_ROOT_CLASS = YES_ERROR;
				CLANG_WARN_RANGE_LOOP_ANALYSIS = YES;
				CLANG_WARN_STRICT_PROTOTYPES = YES;
				CLANG_WARN_SUSPICIOUS_MOVE = YES;
				CLANG_WARN_UNGUARDED_AVAILABILITY = YES_AGGRESSIVE;
				CLANG_WARN_UNREACHABLE_CODE = YES;
				CLANG_WARN__DUPLICATE_METHOD_MATCH = YES;
				COPY_PHASE_STRIP = NO;
				DEBUG_INFORMATION_FORMAT = dwarf;
				ENABLE_STRICT_OBJC_MSGSEND = YES;
				ENABLE_TESTABILITY = YES;
				GCC_C_LANGUAGE_STANDARD = gnu11;
				GCC_DYNAMIC_NO_PIC = NO;
				GCC_NO_COMMON_BLOCKS = YES;
				GCC_OPTIMIZATION_LEVEL = 0;
				GCC_PREPROCESSOR_DEFINITIONS = (
					"DEBUG=1",
					"$(inherited)",
				);
				GCC_WARN_64_TO_32_BIT_CONVERSION = YES;
				GCC_WARN_ABOUT_RETURN_TYPE = YES_ERROR;
				GCC_WARN_UNDECLARED_SELECTOR = YES;
				GCC_WARN_UNINITIALIZED_AUTOS = YES_AGGRESSIVE;
				GCC_WARN_UNUSED_FUNCTION = YES;
				GCC_WARN_UNUSED_VARIABLE = YES;
				IPHONEOS_DEPLOYMENT_TARGET = 13.2;
				MTL_ENABLE_DEBUG_INFO = INCLUDE_SOURCE;
				MTL_FAST_MATH = YES;
				ONLY_ACTIVE_ARCH = YES;
				SDKROOT = iphoneos;
				SWIFT_ACTIVE_COMPILATION_CONDITIONS = DEBUG;
				SWIFT_OPTIMIZATION_LEVEL = "-Onone";
			};
			name = Debug;
		};
		BDC29EE22420A10400CC26E4 /* Release */ = {
			isa = XCBuildConfiguration;
			buildSettings = {
				ALWAYS_SEARCH_USER_PATHS = NO;
				CLANG_ANALYZER_NONNULL = YES;
				CLANG_ANALYZER_NUMBER_OBJECT_CONVERSION = YES_AGGRESSIVE;
				CLANG_CXX_LANGUAGE_STANDARD = "gnu++14";
				CLANG_CXX_LIBRARY = "libc++";
				CLANG_ENABLE_MODULES = YES;
				CLANG_ENABLE_OBJC_ARC = YES;
				CLANG_ENABLE_OBJC_WEAK = YES;
				CLANG_WARN_BLOCK_CAPTURE_AUTORELEASING = YES;
				CLANG_WARN_BOOL_CONVERSION = YES;
				CLANG_WARN_COMMA = YES;
				CLANG_WARN_CONSTANT_CONVERSION = YES;
				CLANG_WARN_DEPRECATED_OBJC_IMPLEMENTATIONS = YES;
				CLANG_WARN_DIRECT_OBJC_ISA_USAGE = YES_ERROR;
				CLANG_WARN_DOCUMENTATION_COMMENTS = YES;
				CLANG_WARN_EMPTY_BODY = YES;
				CLANG_WARN_ENUM_CONVERSION = YES;
				CLANG_WARN_INFINITE_RECURSION = YES;
				CLANG_WARN_INT_CONVERSION = YES;
				CLANG_WARN_NON_LITERAL_NULL_CONVERSION = YES;
				CLANG_WARN_OBJC_IMPLICIT_RETAIN_SELF = YES;
				CLANG_WARN_OBJC_LITERAL_CONVERSION = YES;
				CLANG_WARN_OBJC_ROOT_CLASS = YES_ERROR;
				CLANG_WARN_RANGE_LOOP_ANALYSIS = YES;
				CLANG_WARN_STRICT_PROTOTYPES = YES;
				CLANG_WARN_SUSPICIOUS_MOVE = YES;
				CLANG_WARN_UNGUARDED_AVAILABILITY = YES_AGGRESSIVE;
				CLANG_WARN_UNREACHABLE_CODE = YES;
				CLANG_WARN__DUPLICATE_METHOD_MATCH = YES;
				COPY_PHASE_STRIP = NO;
				DEBUG_INFORMATION_FORMAT = "dwarf-with-dsym";
				ENABLE_NS_ASSERTIONS = NO;
				ENABLE_STRICT_OBJC_MSGSEND = YES;
				GCC_C_LANGUAGE_STANDARD = gnu11;
				GCC_NO_COMMON_BLOCKS = YES;
				GCC_WARN_64_TO_32_BIT_CONVERSION = YES;
				GCC_WARN_ABOUT_RETURN_TYPE = YES_ERROR;
				GCC_WARN_UNDECLARED_SELECTOR = YES;
				GCC_WARN_UNINITIALIZED_AUTOS = YES_AGGRESSIVE;
				GCC_WARN_UNUSED_FUNCTION = YES;
				GCC_WARN_UNUSED_VARIABLE = YES;
				IPHONEOS_DEPLOYMENT_TARGET = 13.2;
				MTL_ENABLE_DEBUG_INFO = NO;
				MTL_FAST_MATH = YES;
				SDKROOT = iphoneos;
				SWIFT_COMPILATION_MODE = wholemodule;
				SWIFT_OPTIMIZATION_LEVEL = "-O";
				VALIDATE_PRODUCT = YES;
			};
			name = Release;
		};
		BDC29EE42420A10400CC26E4 /* Debug */ = {
			isa = XCBuildConfiguration;
			buildSettings = {
				ASSETCATALOG_COMPILER_APPICON_NAME = AppIcon;
				CODE_SIGN_STYLE = Automatic;
				INFOPLIST_FILE = FinalProjectzW2020MAD3115/Info.plist;
				LD_RUNPATH_SEARCH_PATHS = (
					"$(inherited)",
					"@executable_path/Frameworks",
				);
				PRODUCT_BUNDLE_IDENTIFIER = RaghavBobal.FinalProjectzW2020MAD3115;
				PRODUCT_NAME = "$(TARGET_NAME)";
				SWIFT_VERSION = 5.0;
				TARGETED_DEVICE_FAMILY = 1;
			};
			name = Debug;
		};
		BDC29EE52420A10400CC26E4 /* Release */ = {
			isa = XCBuildConfiguration;
			buildSettings = {
				ASSETCATALOG_COMPILER_APPICON_NAME = AppIcon;
				CODE_SIGN_STYLE = Automatic;
				INFOPLIST_FILE = FinalProjectzW2020MAD3115/Info.plist;
				LD_RUNPATH_SEARCH_PATHS = (
					"$(inherited)",
					"@executable_path/Frameworks",
				);
				PRODUCT_BUNDLE_IDENTIFIER = RaghavBobal.FinalProjectzW2020MAD3115;
				PRODUCT_NAME = "$(TARGET_NAME)";
				SWIFT_VERSION = 5.0;
				TARGETED_DEVICE_FAMILY = 1;
			};
			name = Release;
		};
/* End XCBuildConfiguration section */

/* Begin XCConfigurationList section */
		BDC29ECA2420A10200CC26E4 /* Build configuration list for PBXProject "FinalProjectzW2020MAD3115" */ = {
			isa = XCConfigurationList;
			buildConfigurations = (
				BDC29EE12420A10400CC26E4 /* Debug */,
				BDC29EE22420A10400CC26E4 /* Release */,
			);
			defaultConfigurationIsVisible = 0;
			defaultConfigurationName = Release;
		};
		BDC29EE32420A10400CC26E4 /* Build configuration list for PBXNativeTarget "FinalProjectzW2020MAD3115" */ = {
			isa = XCConfigurationList;
			buildConfigurations = (
				BDC29EE42420A10400CC26E4 /* Debug */,
				BDC29EE52420A10400CC26E4 /* Release */,
			);
			defaultConfigurationIsVisible = 0;
			defaultConfigurationName = Release;
		};
/* End XCConfigurationList section */
	};
	rootObject = BDC29EC72420A10200CC26E4 /* Project object */;
}
